PODS:
  - Branch (0.31.3):
    - Branch/Core (= 0.31.3)
  - Branch/Core (0.31.3)
  - FBSnapshotTestCase (2.1.4):
    - FBSnapshotTestCase/SwiftSupport (= 2.1.4)
  - FBSnapshotTestCase/Core (2.1.4)
  - FBSnapshotTestCase/SwiftSupport (2.1.4):
    - FBSnapshotTestCase/Core
  - Rudder-Branch (0.1.0):
    - Branch
    - RudderSDKCore
  - RudderSDKCore (0.1.6)

DEPENDENCIES:
  - FBSnapshotTestCase
  - Rudder-Branch (from `../`)

SPEC REPOS:
  trunk:
    - Branch
    - FBSnapshotTestCase
    - RudderSDKCore

EXTERNAL SOURCES:
  Rudder-Branch:
    :path: "../"

SPEC CHECKSUMS:
  Branch: 9b299693ee54b308ff8c18146afe1f711c2069ec
  FBSnapshotTestCase: 094f9f314decbabe373b87cc339bea235a63e07a
  Rudder-Branch: b241260415d20d2b7a7f8e563b23ad058fa465c6
  RudderSDKCore: 8c85b68c72bd84d7233d295dd20192ccce1ba23d

PODFILE CHECKSUM: 6c4ffeae21f51dfb7c9cd783be0f77d6e0b41199

COCOAPODS: 1.8.4
